
Microsoft Visual Studio Solution File, Format Version 12.00
# Visual Studio Version 16
VisualStudioVersion = 16.0.30621.155
MinimumVisualStudioVersion = 10.0.40219.1
Project("{FAE04EC0-301F-11D3-BF4B-00C04F79EFBC}") = "361Score", "361Score\361Score.csproj", "{155509CD-5592-4484-8E8F-C6F2DA89339A}"
EndProject
Global
	GlobalSection(SolutionConfigurationPlatforms) = preSolution
		Debug|Any CPU = Debug|Any CPU
		Release|Any CPU = Release|Any CPU
	EndGlobalSection
	GlobalSection(ProjectConfigurationPlatforms) = postSolution
		{155509CD-5592-4484-8E8F-C6F2DA89339A}.Debug|Any CPU.ActiveCfg = Debug|Any CPU
		{155509CD-5592-4484-8E8F-C6F2DA89339A}.Debug|Any CPU.Build.0 = Debug|Any CPU
		{155509CD-5592-4484-8E8F-C6F2DA89339A}.Release|Any CPU.ActiveCfg = Release|Any CPU
		{155509CD-5592-4484-8E8F-C6F2DA89339A}.Release|Any CPU.Build.0 = Release|Any CPU
	EndGlobalSection
	GlobalSection(SolutionProperties) = preSolution
		HideSolutionNode = FALSE
	EndGlobalSection
	GlobalSection(ExtensibilityGlobals) = postSolution
		SolutionGuid = {C30EFF5B-F94B-4EF8-BBC4-A787EE686B45}
	EndGlobalSection
EndGlobal
